# THIS IS AN AUTOGENERATED FILE. DO NOT EDIT THIS FILE DIRECTLY.
# yarn lockfile v1


"@bufbuild/protobuf@^2.5.0":
  version "2.6.3"
  resolved "https://registry.yarnpkg.com/@bufbuild/protobuf/-/protobuf-2.6.3.tgz#291dcd1cdfae453a16b40e0b50961e2a444f6d3c"
  integrity sha512-w/gJKME9mYN7ZoUAmSMAWXk4hkVpxRKvEJCb3dV5g9wwWdxTJJ0ayOJAVcNxtdqaxDyFuC0uz4RSGVacJ030PQ==

"@emnapi/core@^1.4.5":
  version "1.4.5"
  resolved "https://registry.yarnpkg.com/@emnapi/core/-/core-1.4.5.tgz#bfbb0cbbbb9f96ec4e2c4fd917b7bbe5495ceccb"
  integrity sha512-XsLw1dEOpkSX/WucdqUhPWP7hDxSvZiY+fsUC14h+FtQ2Ifni4znbBt8punRX+Uj2JG/uDb8nEHVKvrVlvdZ5Q==
  dependencies:
    "@emnapi/wasi-threads" "1.0.4"
    tslib "^2.4.0"

"@emnapi/runtime@^1.4.5":
  version "1.4.5"
  resolved "https://registry.yarnpkg.com/@emnapi/runtime/-/runtime-1.4.5.tgz#c67710d0661070f38418b6474584f159de38aba9"
  integrity sha512-++LApOtY0pEEz1zrd9vy1/zXVaVJJ/EbAF3u0fXIzPJEDtnITsBGbbK0EkM72amhl/R5b+5xx0Y/QhcVOpuulg==
  dependencies:
    tslib "^2.4.0"

"@emnapi/wasi-threads@1.0.4":
  version "1.0.4"
  resolved "https://registry.yarnpkg.com/@emnapi/wasi-threads/-/wasi-threads-1.0.4.tgz#703fc094d969e273b1b71c292523b2f792862bf4"
  integrity sha512-PJR+bOmMOPH8AtcTGAyYNiuJ3/Fcoj2XN/gBEWzDIKh254XO+mM9XoXHk5GNEhodxeMznbg7BlRojVbKN+gC6g==
  dependencies:
    tslib "^2.4.0"

"@module-federation/error-codes@0.17.1":
  version "0.17.1"
  resolved "https://registry.yarnpkg.com/@module-federation/error-codes/-/error-codes-0.17.1.tgz#ee3d6f2faa9751fdc6b7526180cbfe9fe7184337"
  integrity sha512-n6Elm4qKSjwAPxLUGtwnl7qt4y1dxB8OpSgVvXBIzqI9p27a3ZXshLPLnumlpPg1Qudaj8sLnSnFtt9yGpt5yQ==

"@module-federation/runtime-core@0.17.1":
  version "0.17.1"
  resolved "https://registry.yarnpkg.com/@module-federation/runtime-core/-/runtime-core-0.17.1.tgz#adb3f7dbb95e17707dc2cbb65184aa294ff78c19"
  integrity sha512-LCtIFuKgWPQ3E+13OyrVpuTPOWBMI/Ggwsq1Q874YeT8Px28b8tJRCj09DjyRFyhpSPyV/uG80T6iXPAUoLIfQ==
  dependencies:
    "@module-federation/error-codes" "0.17.1"
    "@module-federation/sdk" "0.17.1"

"@module-federation/runtime-tools@0.17.1":
  version "0.17.1"
  resolved "https://registry.yarnpkg.com/@module-federation/runtime-tools/-/runtime-tools-0.17.1.tgz#3fe3ff4897f35a744f221514c287bf4f9fa96c09"
  integrity sha512-4kr6zTFFwGywJx6whBtxsc84V+COAuuBpEdEbPZN//YLXhNB0iz2IGsy9r9wDl+06h84bD+3dQ05l9euRLgXzQ==
  dependencies:
    "@module-federation/runtime" "0.17.1"
    "@module-federation/webpack-bundler-runtime" "0.17.1"

"@module-federation/runtime@0.17.1":
  version "0.17.1"
  resolved "https://registry.yarnpkg.com/@module-federation/runtime/-/runtime-0.17.1.tgz#9dbe9208c0cb8ff7c051615d0ce6f148504c0d60"
  integrity sha512-vKEN32MvUbpeuB/s6UXfkHDZ9N5jFyDDJnj83UTJ8n4N1jHIJu9VZ6Yi4/Ac8cfdvU8UIK9bIbfVXWbUYZUDsw==
  dependencies:
    "@module-federation/error-codes" "0.17.1"
    "@module-federation/runtime-core" "0.17.1"
    "@module-federation/sdk" "0.17.1"

"@module-federation/sdk@0.17.1":
  version "0.17.1"
  resolved "https://registry.yarnpkg.com/@module-federation/sdk/-/sdk-0.17.1.tgz#4252cb582677215009356ee8d09035012690d2f9"
  integrity sha512-nlUcN6UTEi+3HWF+k8wPy7gH0yUOmCT+xNatihkIVR9REAnr7BUvHFGlPJmx7WEbLPL46+zJUbtQHvLzXwFhng==

"@module-federation/webpack-bundler-runtime@0.17.1":
  version "0.17.1"
  resolved "https://registry.yarnpkg.com/@module-federation/webpack-bundler-runtime/-/webpack-bundler-runtime-0.17.1.tgz#b4a42992011a86a520fa6072ba1ff7f8b3cfac53"
  integrity sha512-Swspdgf4PzcbvS9SNKFlBzfq8h/Qxwqjq/xRSqw1pqAZWondZQzwTTqPXhgrg0bFlz7qWjBS/6a8KuH/gRvGaQ==
  dependencies:
    "@module-federation/runtime" "0.17.1"
    "@module-federation/sdk" "0.17.1"

"@napi-rs/wasm-runtime@^1.0.1":
  version "1.0.3"
  resolved "https://registry.yarnpkg.com/@napi-rs/wasm-runtime/-/wasm-runtime-1.0.3.tgz#24593dbd6fd1454b0b9c8b73bf7ac62d92a6bf63"
  integrity sha512-rZxtMsLwjdXkMUGC3WwsPwLNVqVqnTJT6MNIB6e+5fhMcSCPP0AOsNWuMQ5mdCq6HNjs/ZeWAEchpqeprqBD2Q==
  dependencies:
    "@emnapi/core" "^1.4.5"
    "@emnapi/runtime" "^1.4.5"
    "@tybys/wasm-util" "^0.10.0"

"@parcel/watcher-android-arm64@2.5.1":
  version "2.5.1"
  resolved "https://registry.yarnpkg.com/@parcel/watcher-android-arm64/-/watcher-android-arm64-2.5.1.tgz#507f836d7e2042f798c7d07ad19c3546f9848ac1"
  integrity sha512-KF8+j9nNbUN8vzOFDpRMsaKBHZ/mcjEjMToVMJOhTozkDonQFFrRcfdLWn6yWKCmJKmdVxSgHiYvTCef4/qcBA==

"@parcel/watcher-darwin-arm64@2.5.1":
  version "2.5.1"
  resolved "https://registry.yarnpkg.com/@parcel/watcher-darwin-arm64/-/watcher-darwin-arm64-2.5.1.tgz#3d26dce38de6590ef79c47ec2c55793c06ad4f67"
  integrity sha512-eAzPv5osDmZyBhou8PoF4i6RQXAfeKL9tjb3QzYuccXFMQU0ruIc/POh30ePnaOyD1UXdlKguHBmsTs53tVoPw==

"@parcel/watcher-darwin-x64@2.5.1":
  version "2.5.1"
  resolved "https://registry.yarnpkg.com/@parcel/watcher-darwin-x64/-/watcher-darwin-x64-2.5.1.tgz#99f3af3869069ccf774e4ddfccf7e64fd2311ef8"
  integrity sha512-1ZXDthrnNmwv10A0/3AJNZ9JGlzrF82i3gNQcWOzd7nJ8aj+ILyW1MTxVk35Db0u91oD5Nlk9MBiujMlwmeXZg==

"@parcel/watcher-freebsd-x64@2.5.1":
  version "2.5.1"
  resolved "https://registry.yarnpkg.com/@parcel/watcher-freebsd-x64/-/watcher-freebsd-x64-2.5.1.tgz#14d6857741a9f51dfe51d5b08b7c8afdbc73ad9b"
  integrity sha512-SI4eljM7Flp9yPuKi8W0ird8TI/JK6CSxju3NojVI6BjHsTyK7zxA9urjVjEKJ5MBYC+bLmMcbAWlZ+rFkLpJQ==

"@parcel/watcher-linux-arm-glibc@2.5.1":
  version "2.5.1"
  resolved "https://registry.yarnpkg.com/@parcel/watcher-linux-arm-glibc/-/watcher-linux-arm-glibc-2.5.1.tgz#43c3246d6892381db473bb4f663229ad20b609a1"
  integrity sha512-RCdZlEyTs8geyBkkcnPWvtXLY44BCeZKmGYRtSgtwwnHR4dxfHRG3gR99XdMEdQ7KeiDdasJwwvNSF5jKtDwdA==

"@parcel/watcher-linux-arm-musl@2.5.1":
  version "2.5.1"
  resolved "https://registry.yarnpkg.com/@parcel/watcher-linux-arm-musl/-/watcher-linux-arm-musl-2.5.1.tgz#663750f7090bb6278d2210de643eb8a3f780d08e"
  integrity sha512-6E+m/Mm1t1yhB8X412stiKFG3XykmgdIOqhjWj+VL8oHkKABfu/gjFj8DvLrYVHSBNC+/u5PeNrujiSQ1zwd1Q==

"@parcel/watcher-linux-arm64-glibc@2.5.1":
  version "2.5.1"
  resolved "https://registry.yarnpkg.com/@parcel/watcher-linux-arm64-glibc/-/watcher-linux-arm64-glibc-2.5.1.tgz#ba60e1f56977f7e47cd7e31ad65d15fdcbd07e30"
  integrity sha512-LrGp+f02yU3BN9A+DGuY3v3bmnFUggAITBGriZHUREfNEzZh/GO06FF5u2kx8x+GBEUYfyTGamol4j3m9ANe8w==

"@parcel/watcher-linux-arm64-musl@2.5.1":
  version "2.5.1"
  resolved "https://registry.yarnpkg.com/@parcel/watcher-linux-arm64-musl/-/watcher-linux-arm64-musl-2.5.1.tgz#f7fbcdff2f04c526f96eac01f97419a6a99855d2"
  integrity sha512-cFOjABi92pMYRXS7AcQv9/M1YuKRw8SZniCDw0ssQb/noPkRzA+HBDkwmyOJYp5wXcsTrhxO0zq1U11cK9jsFg==

"@parcel/watcher-linux-x64-glibc@2.5.1":
  version "2.5.1"
  resolved "https://registry.yarnpkg.com/@parcel/watcher-linux-x64-glibc/-/watcher-linux-x64-glibc-2.5.1.tgz#4d2ea0f633eb1917d83d483392ce6181b6a92e4e"
  integrity sha512-GcESn8NZySmfwlTsIur+49yDqSny2IhPeZfXunQi48DMugKeZ7uy1FX83pO0X22sHntJ4Ub+9k34XQCX+oHt2A==

"@parcel/watcher-linux-x64-musl@2.5.1":
  version "2.5.1"
  resolved "https://registry.yarnpkg.com/@parcel/watcher-linux-x64-musl/-/watcher-linux-x64-musl-2.5.1.tgz#277b346b05db54f55657301dd77bdf99d63606ee"
  integrity sha512-n0E2EQbatQ3bXhcH2D1XIAANAcTZkQICBPVaxMeaCVBtOpBZpWJuf7LwyWPSBDITb7In8mqQgJ7gH8CILCURXg==

"@parcel/watcher-win32-arm64@2.5.1":
  version "2.5.1"
  resolved "https://registry.yarnpkg.com/@parcel/watcher-win32-arm64/-/watcher-win32-arm64-2.5.1.tgz#7e9e02a26784d47503de1d10e8eab6cceb524243"
  integrity sha512-RFzklRvmc3PkjKjry3hLF9wD7ppR4AKcWNzH7kXR7GUe0Igb3Nz8fyPwtZCSquGrhU5HhUNDr/mKBqj7tqA2Vw==

"@parcel/watcher-win32-ia32@2.5.1":
  version "2.5.1"
  resolved "https://registry.yarnpkg.com/@parcel/watcher-win32-ia32/-/watcher-win32-ia32-2.5.1.tgz#2d0f94fa59a873cdc584bf7f6b1dc628ddf976e6"
  integrity sha512-c2KkcVN+NJmuA7CGlaGD1qJh1cLfDnQsHjE89E60vUEMlqduHGCdCLJCID5geFVM0dOtA3ZiIO8BoEQmzQVfpQ==

"@parcel/watcher-win32-x64@2.5.1":
  version "2.5.1"
  resolved "https://registry.yarnpkg.com/@parcel/watcher-win32-x64/-/watcher-win32-x64-2.5.1.tgz#ae52693259664ba6f2228fa61d7ee44b64ea0947"
  integrity sha512-9lHBdJITeNR++EvSQVUcaZoWupyHfXe1jZvGZ06O/5MflPcuPLtEphScIBL+AiCWBO46tDSHzWyD0uDmmZqsgA==

"@parcel/watcher@^2.4.1":
  version "2.5.1"
  resolved "https://registry.yarnpkg.com/@parcel/watcher/-/watcher-2.5.1.tgz#342507a9cfaaf172479a882309def1e991fb1200"
  integrity sha512-dfUnCxiN9H4ap84DvD2ubjw+3vUNpstxa0TneY/Paat8a3R4uQZDLSvWjmznAY/DoahqTHl9V46HF/Zs3F29pg==
  dependencies:
    detect-libc "^1.0.3"
    is-glob "^4.0.3"
    micromatch "^4.0.5"
    node-addon-api "^7.0.0"
  optionalDependencies:
    "@parcel/watcher-android-arm64" "2.5.1"
    "@parcel/watcher-darwin-arm64" "2.5.1"
    "@parcel/watcher-darwin-x64" "2.5.1"
    "@parcel/watcher-freebsd-x64" "2.5.1"
    "@parcel/watcher-linux-arm-glibc" "2.5.1"
    "@parcel/watcher-linux-arm-musl" "2.5.1"
    "@parcel/watcher-linux-arm64-glibc" "2.5.1"
    "@parcel/watcher-linux-arm64-musl" "2.5.1"
    "@parcel/watcher-linux-x64-glibc" "2.5.1"
    "@parcel/watcher-linux-x64-musl" "2.5.1"
    "@parcel/watcher-win32-arm64" "2.5.1"
    "@parcel/watcher-win32-ia32" "2.5.1"
    "@parcel/watcher-win32-x64" "2.5.1"

"@rsbuild/core@^1.4.15":
  version "1.4.15"
  resolved "https://registry.yarnpkg.com/@rsbuild/core/-/core-1.4.15.tgz#6c16d0c508c5e60d8555469b89f1a4a95002096e"
  integrity sha512-KoSTtKjzQUQwamcbeCp63Ne9kL7io1WI4+skTJe2chfLz6wsp/Gfg8aKkfs1DuyG1p+zxFDcYpwTWMsNtxqqiw==
  dependencies:
    "@rspack/core" "1.4.11"
    "@rspack/lite-tapable" "~1.0.1"
    "@swc/helpers" "^0.5.17"
    core-js "~3.45.0"
    jiti "^2.5.1"

"@rsbuild/plugin-react@^1.3.5":
  version "1.3.5"
  resolved "https://registry.yarnpkg.com/@rsbuild/plugin-react/-/plugin-react-1.3.5.tgz#97a11022419fbed099ee94c960b98a6e6d9450bb"
  integrity sha512-L/GoHgJV4j+EQbI4KOhe5EscM0OHgnSat1eR0Nt5P3JZxpJV2ryO5Yfx5jElPWOkYZZCuk+EWhHWDQ4CkeC5BQ==
  dependencies:
    "@rspack/plugin-react-refresh" "~1.4.3"
    react-refresh "^0.17.0"

"@rsbuild/plugin-sass@^1.3.5":
  version "1.3.5"
  resolved "https://registry.yarnpkg.com/@rsbuild/plugin-sass/-/plugin-sass-1.3.5.tgz#9728576f0a17902e722e087c06ef13adbd079bf3"
  integrity sha512-nW60+iLmV6fkCaE25xpnppISNveAw9z9xySFFcaU2VcpKQ1bGfGns785jlYRGS10E684zG6tL+NIOBS01uPwhQ==
  dependencies:
    deepmerge "^4.3.1"
    loader-utils "^2.0.4"
    postcss "^8.5.6"
    reduce-configs "^1.1.1"
    sass-embedded "^1.90.0"

"@rspack/binding-darwin-arm64@1.4.11":
  version "1.4.11"
  resolved "https://registry.yarnpkg.com/@rspack/binding-darwin-arm64/-/binding-darwin-arm64-1.4.11.tgz#a0f5b4a2ff436a8df89ec3c647661c4ac70a791e"
  integrity sha512-PrmBVhR8MC269jo6uQ+BMy1uwIDx0HAJYLQRQur8gXiehWabUBCRg/d4U9KR7rLzdaSScRyc5JWXR52T7/4MfA==

"@rspack/binding-darwin-x64@1.4.11":
  version "1.4.11"
  resolved "https://registry.yarnpkg.com/@rspack/binding-darwin-x64/-/binding-darwin-x64-1.4.11.tgz#34489094bb643fa25375650d68137273fce9f22a"
  integrity sha512-YIV8Wzy+JY0SoSsVtN4wxFXOjzxxVPnVXNswrrfqVUTPr9jqGOFYUWCGpbt8lcCgfuBFm6zN8HpOsKm1xUNsVA==

"@rspack/binding-linux-arm64-gnu@1.4.11":
  version "1.4.11"
  resolved "https://registry.yarnpkg.com/@rspack/binding-linux-arm64-gnu/-/binding-linux-arm64-gnu-1.4.11.tgz#d358c3098907121cff505719de05481c4bcd284b"
  integrity sha512-ms6uwECUIcu+6e82C5HJhRMHnfsI+l33v7XQezntzRPN0+sG3EpikEoT7SGbgt4vDwaWLR7wS20suN4qd5r3GA==

"@rspack/binding-linux-arm64-musl@1.4.11":
  version "1.4.11"
  resolved "https://registry.yarnpkg.com/@rspack/binding-linux-arm64-musl/-/binding-linux-arm64-musl-1.4.11.tgz#caa13e3ca970d98775a02dfebaee44e02ce6d982"
  integrity sha512-9evq0DOdxMN/H8VM8ZmyY9NSuBgILNVV6ydBfVPMHPx4r1E7JZGpWeKDegZcS5Erw3sS9kVSIxyX78L5PDzzKw==

"@rspack/binding-linux-x64-gnu@1.4.11":
  version "1.4.11"
  resolved "https://registry.yarnpkg.com/@rspack/binding-linux-x64-gnu/-/binding-linux-x64-gnu-1.4.11.tgz#0e040f73a70ddd07961e4db2cfe4bafd51385d65"
  integrity sha512-bHYFLxPPYBOSaHdQbEoCYGMQ1gOrEWj7Mro/DLfSHZi1a0okcQ2Q1y0i1DczReim3ZhLGNrK7k1IpFXCRbAobQ==

"@rspack/binding-linux-x64-musl@1.4.11":
  version "1.4.11"
  resolved "https://registry.yarnpkg.com/@rspack/binding-linux-x64-musl/-/binding-linux-x64-musl-1.4.11.tgz#a9f2221b16b9c9be2f283b33f2f2db894a1470ab"
  integrity sha512-wrm4E7q2k4+cwT6Uhp6hIQ3eUe/YoaUttj6j5TqHYZX6YeLrNPtD9+ne6lQQ17BV8wmm6NZsmoFIJ5xIptpRhQ==

"@rspack/binding-wasm32-wasi@1.4.11":
  version "1.4.11"
  resolved "https://registry.yarnpkg.com/@rspack/binding-wasm32-wasi/-/binding-wasm32-wasi-1.4.11.tgz#a2e43a1d6c801c1031f043ec7244255ef2ef46c0"
  integrity sha512-hiYxHZjaZ17wQtXyLCK0IdtOvMWreGVTiGsaHCxyeT+SldDG+r16bXNjmlqfZsjlfl1mkAqKz1dg+mMX28OTqw==
  dependencies:
    "@napi-rs/wasm-runtime" "^1.0.1"

"@rspack/binding-win32-arm64-msvc@1.4.11":
  version "1.4.11"
  resolved "https://registry.yarnpkg.com/@rspack/binding-win32-arm64-msvc/-/binding-win32-arm64-msvc-1.4.11.tgz#1c86654a99e77381fb04c8d73f1395c7eb49c4ba"
  integrity sha512-+HF/mnjmTr8PC1dccRt1bkrD2tPDGeqvXC1BBLYd/Klq1VbtIcnrhfmvQM6KaXbiLcY9VWKzcZPOTmnyZ8TaHQ==

"@rspack/binding-win32-ia32-msvc@1.4.11":
  version "1.4.11"
  resolved "https://registry.yarnpkg.com/@rspack/binding-win32-ia32-msvc/-/binding-win32-ia32-msvc-1.4.11.tgz#a85def135c0164f2b1a2bcf2c7f9ab0f1d97128f"
  integrity sha512-EU2fQGwrRfwFd/tcOInlD0jy6gNQE4Q3Ayj0Is+cX77sbhPPyyOz0kZDEaQ4qaN2VU8w4Hu/rrD7c0GAKLFvCw==

"@rspack/binding-win32-x64-msvc@1.4.11":
  version "1.4.11"
  resolved "https://registry.yarnpkg.com/@rspack/binding-win32-x64-msvc/-/binding-win32-x64-msvc-1.4.11.tgz#9ce6ae2a203385945a14b6854d3eac36299764ee"
  integrity sha512-1Nc5ZzWqfvE+iJc47qtHFzYYnHsC3awavXrCo74GdGip1vxtksM3G30BlvAQHHVtEmULotWqPbjZpflw/Xk9Ag==

"@rspack/binding@1.4.11":
  version "1.4.11"
  resolved "https://registry.yarnpkg.com/@rspack/binding/-/binding-1.4.11.tgz#e27f69c2b5a6e9393f1403a27d5568047315467a"
  integrity sha512-maGl/zRwnl0QVwkBCkgjn5PH20L9HdlRIdkYhEsfTepy5x2QZ0ti/0T49djjTJQrqb+S1i6wWQymMMMMMsxx6Q==
  optionalDependencies:
    "@rspack/binding-darwin-arm64" "1.4.11"
    "@rspack/binding-darwin-x64" "1.4.11"
    "@rspack/binding-linux-arm64-gnu" "1.4.11"
    "@rspack/binding-linux-arm64-musl" "1.4.11"
    "@rspack/binding-linux-x64-gnu" "1.4.11"
    "@rspack/binding-linux-x64-musl" "1.4.11"
    "@rspack/binding-wasm32-wasi" "1.4.11"
    "@rspack/binding-win32-arm64-msvc" "1.4.11"
    "@rspack/binding-win32-ia32-msvc" "1.4.11"
    "@rspack/binding-win32-x64-msvc" "1.4.11"

"@rspack/core@1.4.11":
  version "1.4.11"
  resolved "https://registry.yarnpkg.com/@rspack/core/-/core-1.4.11.tgz#b3f15f566f0b14e71eae40827a120389399c55b9"
  integrity sha512-JtKnL6p7Kc/YgWQJF3Woo4OccbgKGyT/4187W4dyex8BMkdQcbqCNIdi6dFk02hwQzxpOOxRSBI4hlGRbz7oYQ==
  dependencies:
    "@module-federation/runtime-tools" "0.17.1"
    "@rspack/binding" "1.4.11"
    "@rspack/lite-tapable" "1.0.1"

"@rspack/lite-tapable@1.0.1", "@rspack/lite-tapable@~1.0.1":
  version "1.0.1"
  resolved "https://registry.yarnpkg.com/@rspack/lite-tapable/-/lite-tapable-1.0.1.tgz#d4540a5d28bd6177164bc0ba0bee4bdec0458591"
  integrity sha512-VynGOEsVw2s8TAlLf/uESfrgfrq2+rcXB1muPJYBWbsm1Oa6r5qVQhjA5ggM6z/coYPrsVMgovl3Ff7Q7OCp1w==

"@rspack/plugin-react-refresh@~1.4.3":
  version "1.4.3"
  resolved "https://registry.yarnpkg.com/@rspack/plugin-react-refresh/-/plugin-react-refresh-1.4.3.tgz#aa8aec84ae2f1ba0a20d51fc3899f002cfecd628"
  integrity sha512-wZx4vWgy5oMEvgyNGd/oUKcdnKaccYWHCRkOqTdAPJC3WcytxhTX+Kady8ERurSBiLyQpoMiU3Iyd+F1Y2Arbw==
  dependencies:
    error-stack-parser "^2.1.4"
    html-entities "^2.6.0"

"@swc/helpers@^0.5.17":
  version "0.5.17"
  resolved "https://registry.yarnpkg.com/@swc/helpers/-/helpers-0.5.17.tgz#5a7be95ac0f0bf186e7e6e890e7a6f6cda6ce971"
  integrity sha512-5IKx/Y13RsYd+sauPb2x+U/xZikHjolzfuDgTAl/Tdf3Q8rslRvC19NKDLgAJQ6wsqADk10ntlv08nPFw/gO/A==
  dependencies:
    tslib "^2.8.0"

"@tybys/wasm-util@^0.10.0":
  version "0.10.0"
  resolved "https://registry.yarnpkg.com/@tybys/wasm-util/-/wasm-util-0.10.0.tgz#2fd3cd754b94b378734ce17058d0507c45c88369"
  integrity sha512-VyyPYFlOMNylG45GoAe0xDoLwWuowvf92F9kySqzYh8vmYm7D2u4iUJKa1tOUpS70Ku13ASrOkS4ScXFsTaCNQ==
  dependencies:
    tslib "^2.4.0"

"@types/react-dom@^19.1.7":
  version "19.1.7"
  resolved "https://registry.yarnpkg.com/@types/react-dom/-/react-dom-19.1.7.tgz#2863f2aa89e023592b981204ef92c5221b286410"
  integrity sha512-i5ZzwYpqjmrKenzkoLM2Ibzt6mAsM7pxB6BCIouEVVmgiqaMj1TjaK7hnA36hbW5aZv20kx7Lw6hWzPWg0Rurw==

"@types/react@^19.1.10":
  version "19.1.10"
  resolved "https://registry.yarnpkg.com/@types/react/-/react-19.1.10.tgz#a05015952ef328e1b85579c839a71304b07d21d9"
  integrity sha512-EhBeSYX0Y6ye8pNebpKrwFJq7BoQ8J5SO6NlvNwwHjSj6adXJViPQrKlsyPw7hLBLvckEMO1yxeGdR82YBBlDg==
  dependencies:
    csstype "^3.0.2"

big.js@^5.2.2:
  version "5.2.2"
  resolved "https://registry.yarnpkg.com/big.js/-/big.js-5.2.2.tgz#65f0af382f578bcdc742bd9c281e9cb2d7768328"
  integrity sha512-vyL2OymJxmarO8gxMr0mhChsO9QGwhynfuu4+MHTAW6czfq9humCB7rKpUjDd9YUiDPU4mzpyupFSvOClAwbmQ==

braces@^3.0.3:
  version "3.0.3"
  resolved "https://registry.yarnpkg.com/braces/-/braces-3.0.3.tgz#490332f40919452272d55a8480adc0c441358789"
  integrity sha512-yQbXgO/OSZVD2IsiLlro+7Hf6Q18EJrKSEsdoMzKePKXct3gvD8oLcOQdIzGupr5Fj+EDe8gO/lxc1BzfMpxvA==
  dependencies:
    fill-range "^7.1.1"

buffer-builder@^0.2.0:
  version "0.2.0"
  resolved "https://registry.yarnpkg.com/buffer-builder/-/buffer-builder-0.2.0.tgz#3322cd307d8296dab1f604618593b261a3fade8f"
  integrity sha512-7VPMEPuYznPSoR21NE1zvd2Xna6c/CloiZCfcMXR1Jny6PjX0N4Nsa38zcBFo/FMK+BlA+FLKbJCQ0i2yxp+Xg==

bulma@^1.0.4:
  version "1.0.4"
  resolved "https://registry.yarnpkg.com/bulma/-/bulma-1.0.4.tgz#942dc017a3a201fa9f0e0c8db3dd52f3cff86712"
  integrity sha512-Ffb6YGXDiZYX3cqvSbHWqQ8+LkX6tVoTcZuVB3lm93sbAVXlO0D6QlOTMnV6g18gILpAXqkG2z9hf9z4hCjz2g==

chokidar@^4.0.0:
  version "4.0.3"
  resolved "https://registry.yarnpkg.com/chokidar/-/chokidar-4.0.3.tgz#7be37a4c03c9aee1ecfe862a4a23b2c70c205d30"
  integrity sha512-Qgzu8kfBvo+cA4962jnP1KkS6Dop5NS6g7R5LFYJr4b8Ub94PPQXUksCw9PvXoeXPRRddRNC5C1JQUR2SMGtnA==
  dependencies:
    readdirp "^4.0.1"

colorjs.io@^0.5.0:
  version "0.5.2"
  resolved "https://registry.yarnpkg.com/colorjs.io/-/colorjs.io-0.5.2.tgz#63b20139b007591ebc3359932bef84628eb3fcef"
  integrity sha512-twmVoizEW7ylZSN32OgKdXRmo1qg+wT5/6C3xu5b9QsWzSFAhHLn2xd8ro0diCsKfCj1RdaTP/nrcW+vAoQPIw==

cookie@^1.0.1:
  version "1.0.2"
  resolved "https://registry.yarnpkg.com/cookie/-/cookie-1.0.2.tgz#27360701532116bd3f1f9416929d176afe1e4610"
  integrity sha512-9Kr/j4O16ISv8zBBhJoi4bXOYNTkFLOqSL3UDB0njXxCXNezjeyVrJyGOWtgfs/q2km1gwBcfH8q1yEGoMYunA==

core-js@~3.45.0:
  version "3.45.0"
  resolved "https://registry.yarnpkg.com/core-js/-/core-js-3.45.0.tgz#556c2af44a2d9c73ea7b49504392474a9f7c947e"
  integrity sha512-c2KZL9lP4DjkN3hk/an4pWn5b5ZefhRJnAc42n6LJ19kSnbeRbdQZE5dSeE2LBol1OwJD3X1BQvFTAsa8ReeDA==

csstype@^3.0.2:
  version "3.1.3"
  resolved "https://registry.yarnpkg.com/csstype/-/csstype-3.1.3.tgz#d80ff294d114fb0e6ac500fbf85b60137d7eff81"
  integrity sha512-M1uQkMl8rQK/szD0LNhtqxIPLpimGm8sOBwU7lLnCpSbTyY3yeU1Vc7l4KT5zT4s/yOxHH5O7tIuuLOCnLADRw==

deepmerge@^4.3.1:
  version "4.3.1"
  resolved "https://registry.yarnpkg.com/deepmerge/-/deepmerge-4.3.1.tgz#44b5f2147cd3b00d4b56137685966f26fd25dd4a"
  integrity sha512-3sUqbMEc77XqpdNO7FRyRog+eW3ph+GYCbj+rK+uYyRMuwsVy0rMiVtPn+QJlKFvWP/1PYpapqYn0Me2knFn+A==

detect-libc@^1.0.3:
  version "1.0.3"
  resolved "https://registry.yarnpkg.com/detect-libc/-/detect-libc-1.0.3.tgz#fa137c4bd698edf55cd5cd02ac559f91a4c4ba9b"
  integrity sha512-pGjwhsmsp4kL2RTz08wcOlGN83otlqHeD/Z5T8GXZB+/YcpQ/dgo+lbU8ZsGxV0HIvqqxo9l7mqYwyYMD9bKDg==

emojis-list@^3.0.0:
  version "3.0.0"
  resolved "https://registry.yarnpkg.com/emojis-list/-/emojis-list-3.0.0.tgz#5570662046ad29e2e916e71aae260abdff4f6a78"
  integrity sha512-/kyM18EfinwXZbno9FyUGeFh87KC8HRQBQGildHZbEuRyWFOmv1U10o9BBp8XVZDVNNuQKyIGIu5ZYAAXJ0V2Q==

error-stack-parser@^2.1.4:
  version "2.1.4"
  resolved "https://registry.yarnpkg.com/error-stack-parser/-/error-stack-parser-2.1.4.tgz#229cb01cdbfa84440bfa91876285b94680188286"
  integrity sha512-Sk5V6wVazPhq5MhpO+AUxJn5x7XSXGl1R93Vn7i+zS15KDVxQijejNCrz8340/2bgLBjR9GtEG8ZVKONDjcqGQ==
  dependencies:
    stackframe "^1.3.4"

fill-range@^7.1.1:
  version "7.1.1"
  resolved "https://registry.yarnpkg.com/fill-range/-/fill-range-7.1.1.tgz#44265d3cac07e3ea7dc247516380643754a05292"
  integrity sha512-YsGpe3WHLK8ZYi4tWDg2Jy3ebRz2rXowDxnld4bkQB00cc/1Zw9AWnC0i9ztDJitivtQvaI9KaLyKrc+hBW0yg==
  dependencies:
    to-regex-range "^5.0.1"

has-flag@^4.0.0:
  version "4.0.0"
  resolved "https://registry.yarnpkg.com/has-flag/-/has-flag-4.0.0.tgz#944771fd9c81c81265c4d6941860da06bb59479b"
  integrity sha512-EykJT/Q1KjTWctppgIAgfSO0tKVuZUjhgMr17kqTumMl6Afv3EISleU7qZUzoXDFTAHTDC4NOoG/ZxU3EvlMPQ==

html-entities@^2.6.0:
  version "2.6.0"
  resolved "https://registry.yarnpkg.com/html-entities/-/html-entities-2.6.0.tgz#7c64f1ea3b36818ccae3d3fb48b6974208e984f8"
  integrity sha512-kig+rMn/QOVRvr7c86gQ8lWXq+Hkv6CbAH1hLu+RG338StTpE8Z0b44SDVaqVu7HGKf27frdmUYEs9hTUX/cLQ==

immutable@^5.0.2:
  version "5.1.3"
  resolved "https://registry.yarnpkg.com/immutable/-/immutable-5.1.3.tgz#e6486694c8b76c37c063cca92399fa64098634d4"
  integrity sha512-+chQdDfvscSF1SJqv2gn4SRO2ZyS3xL3r7IW/wWEEzrzLisnOlKiQu5ytC/BVNcS15C39WT2Hg/bjKjDMcu+zg==

is-extglob@^2.1.1:
  version "2.1.1"
  resolved "https://registry.yarnpkg.com/is-extglob/-/is-extglob-2.1.1.tgz#a88c02535791f02ed37c76a1b9ea9773c833f8c2"
  integrity sha512-SbKbANkN603Vi4jEZv49LeVJMn4yGwsbzZworEoyEiutsN3nJYdbO36zfhGJ6QEDpOZIFkDtnq5JRxmvl3jsoQ==

is-glob@^4.0.3:
  version "4.0.3"
  resolved "https://registry.yarnpkg.com/is-glob/-/is-glob-4.0.3.tgz#64f61e42cbbb2eec2071a9dac0b28ba1e65d5084"
  integrity sha512-xelSayHH36ZgE7ZWhli7pW34hNbNl8Ojv5KVmkJD4hBdD3th8Tfk9vYasLM+mXWOZhFkgZfxhLSnrwRr4elSSg==
  dependencies:
    is-extglob "^2.1.1"

is-number@^7.0.0:
  version "7.0.0"
  resolved "https://registry.yarnpkg.com/is-number/-/is-number-7.0.0.tgz#7535345b896734d5f80c4d06c50955527a14f12b"
  integrity sha512-41Cifkg6e8TylSpdtTpeLVMqvSBEVzTttHvERD741+pnZ8ANv0004MRL43QKPDlK9cGvNp6NZWZUBlbGXYxxng==

jiti@^2.5.1:
  version "2.5.1"
  resolved "https://registry.yarnpkg.com/jiti/-/jiti-2.5.1.tgz#bd099c1c2be1c59bbea4e5adcd127363446759d0"
  integrity sha512-twQoecYPiVA5K/h6SxtORw/Bs3ar+mLUtoPSc7iMXzQzK8d7eJ/R09wmTwAjiamETn1cXYPGfNnu7DMoHgu12w==

json5@^2.1.2:
  version "2.2.3"
  resolved "https://registry.yarnpkg.com/json5/-/json5-2.2.3.tgz#78cd6f1a19bdc12b73db5ad0c61efd66c1e29283"
  integrity sha512-XmOWe7eyHYH14cLdVPoyg+GOH3rYX++KpzrylJwSW98t3Nk+U8XOl8FWKOgwtzdb8lXGf6zYwDUzeHMWfxasyg==

loader-utils@^2.0.4:
  version "2.0.4"
  resolved "https://registry.yarnpkg.com/loader-utils/-/loader-utils-2.0.4.tgz#8b5cb38b5c34a9a018ee1fc0e6a066d1dfcc528c"
  integrity sha512-xXqpXoINfFhgua9xiqD8fPFHgkoq1mmmpE92WlDbm9rNRd/EbRb+Gqf908T2DMfuHjjJlksiK2RbHVOdD/MqSw==
  dependencies:
    big.js "^5.2.2"
    emojis-list "^3.0.0"
    json5 "^2.1.2"

micromatch@^4.0.5:
  version "4.0.8"
  resolved "https://registry.yarnpkg.com/micromatch/-/micromatch-4.0.8.tgz#d66fa18f3a47076789320b9b1af32bd86d9fa202"
  integrity sha512-PXwfBhYu0hBCPw8Dn0E+WDYb7af3dSLVWKi3HGv84IdF4TyFoC0ysxFd0Goxw7nSv4T/PzEJQxsYsEiFCKo2BA==
  dependencies:
    braces "^3.0.3"
    picomatch "^2.3.1"

nanoid@^3.3.11:
  version "3.3.11"
  resolved "https://registry.yarnpkg.com/nanoid/-/nanoid-3.3.11.tgz#4f4f112cefbe303202f2199838128936266d185b"
  integrity sha512-N8SpfPUnUp1bK+PMYW8qSWdl9U+wwNWI4QKxOYDy9JAro3WMX7p2OeVRF9v+347pnakNevPmiHhNmZ2HbFA76w==

node-addon-api@^7.0.0:
  version "7.1.1"
  resolved "https://registry.yarnpkg.com/node-addon-api/-/node-addon-api-7.1.1.tgz#1aba6693b0f255258a049d621329329322aad558"
  integrity sha512-5m3bsyrjFWE1xf7nz7YXdN4udnVtXK6/Yfgn5qnahL6bCkf2yKt4k3nuTKAtT4r3IG8JNR2ncsIMdZuAzJjHQQ==

picocolors@^1.1.1:
  version "1.1.1"
  resolved "https://registry.yarnpkg.com/picocolors/-/picocolors-1.1.1.tgz#3d321af3eab939b083c8f929a1d12cda81c26b6b"
  integrity sha512-xceH2snhtb5M9liqDsmEw56le376mTZkEX/jEb/RxNFyegNul7eNslCXP9FDj/Lcu0X8KEyMceP2ntpaHrDEVA==

picomatch@^2.3.1:
  version "2.3.1"
  resolved "https://registry.yarnpkg.com/picomatch/-/picomatch-2.3.1.tgz#3ba3833733646d9d3e4995946c1365a67fb07a42"
  integrity sha512-JU3teHTNjmE2VCGFzuY8EXzCDVwEqB2a8fsIvwaStHhAWJEeVd1o1QD80CU6+ZdEXXSLbSsuLwJjkCBWqRQUVA==

postcss@^8.5.6:
  version "8.5.6"
  resolved "https://registry.yarnpkg.com/postcss/-/postcss-8.5.6.tgz#2825006615a619b4f62a9e7426cc120b349a8f3c"
  integrity sha512-3Ybi1tAuwAP9s0r1UQ2J4n5Y0G05bJkpUIO0/bI9MhwmD70S5aTWbXGBwxHrelT+XM1k6dM0pk+SwNkpTRN7Pg==
  dependencies:
    nanoid "^3.3.11"
    picocolors "^1.1.1"
    source-map-js "^1.2.1"

react-dom@^19.1.1:
  version "19.1.1"
  resolved "https://registry.yarnpkg.com/react-dom/-/react-dom-19.1.1.tgz#2daa9ff7f3ae384aeb30e76d5ee38c046dc89893"
  integrity sha512-Dlq/5LAZgF0Gaz6yiqZCf6VCcZs1ghAJyrsu84Q/GT0gV+mCxbfmKNoGRKBYMJ8IEdGPqu49YWXD02GCknEDkw==
  dependencies:
    scheduler "^0.26.0"

react-refresh@^0.17.0:
  version "0.17.0"
  resolved "https://registry.yarnpkg.com/react-refresh/-/react-refresh-0.17.0.tgz#b7e579c3657f23d04eccbe4ad2e58a8ed51e7e53"
  integrity sha512-z6F7K9bV85EfseRCp2bzrpyQ0Gkw1uLoCel9XBVWPg/TjRj94SkJzUTGfOa4bs7iJvBWtQG0Wq7wnI0syw3EBQ==

react-router-dom@^7.8.1:
  version "7.8.1"
  resolved "https://registry.yarnpkg.com/react-router-dom/-/react-router-dom-7.8.1.tgz#9b5fedaf1886362ab02c9e4c51bc6afcd03151a0"
  integrity sha512-NkgBCF3sVgCiAWIlSt89GR2PLaksMpoo3HDCorpRfnCEfdtRPLiuTf+CNXvqZMI5SJLZCLpVCvcZrTdtGW64xQ==
  dependencies:
    react-router "7.8.1"

react-router@7.8.1:
  version "7.8.1"
  resolved "https://registry.yarnpkg.com/react-router/-/react-router-7.8.1.tgz#62d62bc1a3fcde79c3ced8f7114f7b4f86916ce2"
  integrity sha512-5cy/M8DHcG51/KUIka1nfZ2QeylS4PJRs6TT8I4PF5axVsI5JUxp0hC0NZ/AEEj8Vw7xsEoD7L/6FY+zoYaOGA==
  dependencies:
    cookie "^1.0.1"
    set-cookie-parser "^2.6.0"

react@^19.1.1:
  version "19.1.1"
  resolved "https://registry.yarnpkg.com/react/-/react-19.1.1.tgz#06d9149ec5e083a67f9a1e39ce97b06a03b644af"
  integrity sha512-w8nqGImo45dmMIfljjMwOGtbmC/mk4CMYhWIicdSflH91J9TyCyczcPFXJzrZ/ZXcgGRFeP6BU0BEJTw6tZdfQ==

readdirp@^4.0.1:
  version "4.1.2"
  resolved "https://registry.yarnpkg.com/readdirp/-/readdirp-4.1.2.tgz#eb85801435fbf2a7ee58f19e0921b068fc69948d"
  integrity sha512-GDhwkLfywWL2s6vEjyhri+eXmfH6j1L7JE27WhqLeYzoh/A3DBaYGEj2H/HFZCn/kMfim73FXxEJTw06WtxQwg==

reduce-configs@^1.1.1:
  version "1.1.1"
  resolved "https://registry.yarnpkg.com/reduce-configs/-/reduce-configs-1.1.1.tgz#b6d920e79cdf9f88c3daaabddf06f93a749334be"
  integrity sha512-EYtsVGAQarE8daT54cnaY1PIknF2VB78ug6Zre2rs36EsJfC40EG6hmTU2A2P1ZuXnKAt2KI0fzOGHcX7wzdPw==

rxjs@^7.4.0:
  version "7.8.2"
  resolved "https://registry.yarnpkg.com/rxjs/-/rxjs-7.8.2.tgz#955bc473ed8af11a002a2be52071bf475638607b"
  integrity sha512-dhKf903U/PQZY6boNNtAGdWbG85WAbjT/1xYoZIC7FAY0yWapOBQVsVrDl58W86//e1VpMNBtRV4MaXfdMySFA==
  dependencies:
    tslib "^2.1.0"

sass-embedded-all-unknown@1.90.0:
  version "1.90.0"
  resolved "https://registry.yarnpkg.com/sass-embedded-all-unknown/-/sass-embedded-all-unknown-1.90.0.tgz#100856404cdfa8c865254a8b4ff3e3216b261b25"
  integrity sha512-/n7jTQvI+hftDDrHzK19G4pxfDzOhtjuQO1K54ui1pT2S0sWfWDjCYUbQgtWQ6FO7g5qWS0hgmrWdc7fmS3rgA==
  dependencies:
    sass "1.90.0"

sass-embedded-android-arm64@1.90.0:
  version "1.90.0"
  resolved "https://registry.yarnpkg.com/sass-embedded-android-arm64/-/sass-embedded-android-arm64-1.90.0.tgz#dbe391c9075dfd24082f766ef80d4861735ef43e"
  integrity sha512-bkTlewzWksa6Sj4Zs1CWiutnvUbsO3xuYh2QBRknXsOtuMlfTPoXnwhCnyE4lSvUxw2qxSbv+NdQev9qMfsBgA==

sass-embedded-android-arm@1.90.0:
  version "1.90.0"
  resolved "https://registry.yarnpkg.com/sass-embedded-android-arm/-/sass-embedded-android-arm-1.90.0.tgz#26f49a11c7d8cd8050398e575501e435a8bc85ac"
  integrity sha512-usF6kVJQWa1CMgPH1nCT1y8KEmAT2fzB00dDIPBYHq8U5VZLCihi2bJRP5U9NlcwP1TlKGKCjwsbIdSjDKfecg==

sass-embedded-android-riscv64@1.90.0:
  version "1.90.0"
  resolved "https://registry.yarnpkg.com/sass-embedded-android-riscv64/-/sass-embedded-android-riscv64-1.90.0.tgz#3b05ccc450de91f907b037ff6093db327b784bca"
  integrity sha512-bpqCIOaX+0Lou/BNJ4iJIKbWbVaYXFdg26C3gG6gxxKZRzp/6OYCxHrIQDwhKz6YC8Q5rwNPMpfDVYbWPcgroA==

sass-embedded-android-x64@1.90.0:
  version "1.90.0"
  resolved "https://registry.yarnpkg.com/sass-embedded-android-x64/-/sass-embedded-android-x64-1.90.0.tgz#49bdbce72ea8d95a9a0583ea4a47614b99639df4"
  integrity sha512-GNxVKnCMd/p2icZ+Q4mhvNk19NrLXq1C4guiqjrycHYQLEnxRkjbW1QXYiL+XyDn4e+Bcq0knzG0I9pMuNZxkg==

sass-embedded-darwin-arm64@1.90.0:
  version "1.90.0"
  resolved "https://registry.yarnpkg.com/sass-embedded-darwin-arm64/-/sass-embedded-darwin-arm64-1.90.0.tgz#4c69c3eae4904e4ffaa708e7349876590fd43a63"
  integrity sha512-qr4KBMJfBA+lzXiWnP00qzpLzHQzGd1OSK3VHcUFjZ8l7VOYf2R7Tc3fcTLhpaNPMJtTK0jrk8rFqBvsiZExnA==

sass-embedded-darwin-x64@1.90.0:
  version "1.90.0"
  resolved "https://registry.yarnpkg.com/sass-embedded-darwin-x64/-/sass-embedded-darwin-x64-1.90.0.tgz#219a522373e55be2c368e6f2cfbf02d52cd939e3"
  integrity sha512-z2nr1nNqtWDLVRwTbHtL7zriK90U7O/Gb15UaCSMYeAz9Y+wog5s/sDEKm0+GsVdzzkaCaMZRWGN4jTilnUwmQ==

sass-embedded-linux-arm64@1.90.0:
  version "1.90.0"
  resolved "https://registry.yarnpkg.com/sass-embedded-linux-arm64/-/sass-embedded-linux-arm64-1.90.0.tgz#37a2243cd568345d3f3b46a08b0312a81a3a454b"
  integrity sha512-SPMcGZuP71Fj8btCGtlBnv8h8DAbJn8EQfLzXs9oo6NGFFLVjNGiFpqGfgtUV6DLWCuaRyEFeViO7wZow/vKGQ==

sass-embedded-linux-arm@1.90.0:
  version "1.90.0"
  resolved "https://registry.yarnpkg.com/sass-embedded-linux-arm/-/sass-embedded-linux-arm-1.90.0.tgz#f469be47c5c63e5c9bcb237d374c079f364bf9bf"
  integrity sha512-FeBxI5Q2HvM3CCadcEcQgvWbDPVs2YEF0PZ87fbAVTCG8dV+iNnQreSz7GRJroknpvbRhm5t2gedvcgmTnPb2Q==

sass-embedded-linux-musl-arm64@1.90.0:
  version "1.90.0"
  resolved "https://registry.yarnpkg.com/sass-embedded-linux-musl-arm64/-/sass-embedded-linux-musl-arm64-1.90.0.tgz#e4e3997ac28f92e2a9b88d9c3c488af880f338c0"
  integrity sha512-xLH7+PFq763MoEm3vI7hQk5E+nStiLWbijHEYW/tEtCbcQIphgzSkDItEezxXew3dU4EJ1jqrBUySPdoXFLqWA==

sass-embedded-linux-musl-arm@1.90.0:
  version "1.90.0"
  resolved "https://registry.yarnpkg.com/sass-embedded-linux-musl-arm/-/sass-embedded-linux-musl-arm-1.90.0.tgz#3f473c8630355f3509856578195583c2e8879388"
  integrity sha512-EB2z0fUXdUdvSoddf4DzdZQkD/xyreD72gwAi8YScgUvR4HMXI7bLcK/n78Rft6OnqvV8090hjC8FsLDo3x5xQ==

sass-embedded-linux-musl-riscv64@1.90.0:
  version "1.90.0"
  resolved "https://registry.yarnpkg.com/sass-embedded-linux-musl-riscv64/-/sass-embedded-linux-musl-riscv64-1.90.0.tgz#8b8609194af17c6c35799a3fc795031ac2dcf6a9"
  integrity sha512-L21UkOgnSrD+ERF+jo1IWneGv40t0ap9+3cI+wZWYhQS5MkxponhT9QaNU57JEDJwB9mOl01LVw14opz4SN+VQ==

sass-embedded-linux-musl-x64@1.90.0:
  version "1.90.0"
  resolved "https://registry.yarnpkg.com/sass-embedded-linux-musl-x64/-/sass-embedded-linux-musl-x64-1.90.0.tgz#a5fa52c9ab887c7315a9bbe6ab59c346a882cf60"
  integrity sha512-NeAycQlsdhFdnIeSmRmScYUyCd+uE+x15NLFunbF8M0PgCKurrUhaxgGKSuBbaK56FpxarKOHCqcOrWbemIGzQ==

sass-embedded-linux-riscv64@1.90.0:
  version "1.90.0"
  resolved "https://registry.yarnpkg.com/sass-embedded-linux-riscv64/-/sass-embedded-linux-riscv64-1.90.0.tgz#481d63c314e2f5b54224f6c0686a4b2970ab2092"
  integrity sha512-lJopaQhW8S+kaQ61vMqq3c+bOurcf9RdZf2EmzQYpc2y1vT5cWfRNrRkbAgO/23IQxsk/fq3UIUnsjnyQmi6MA==

sass-embedded-linux-x64@1.90.0:
  version "1.90.0"
  resolved "https://registry.yarnpkg.com/sass-embedded-linux-x64/-/sass-embedded-linux-x64-1.90.0.tgz#a636d9398702b4dbb8997af95ac28295cb69b9b6"
  integrity sha512-Cc061gBfMPwH9rN7neQaH36cvOQC+dFMSGIeX5qUOhrEL4Ng51iqBV6aI4RIB1jCFGth6eDydVRN1VdV9qom8A==

sass-embedded-unknown-all@1.90.0:
  version "1.90.0"
  resolved "https://registry.yarnpkg.com/sass-embedded-unknown-all/-/sass-embedded-unknown-all-1.90.0.tgz#d27d5821c1de0c87a740b49543f18194c1cd6dbb"
  integrity sha512-DBGzHVCJDqtjTHZFohush9YTxd4ZxhIygIRTNRXnA0359woF9Z8AS7/YxfzwkqrTX5durSJa6ZamGFYVLoRphQ==
  dependencies:
    sass "1.90.0"

sass-embedded-win32-arm64@1.90.0:
  version "1.90.0"
  resolved "https://registry.yarnpkg.com/sass-embedded-win32-arm64/-/sass-embedded-win32-arm64-1.90.0.tgz#4c371f560566451a3b5e899ba85ed8d62f7283f0"
  integrity sha512-c3/vL/CATnaW3x/6kcNbCROEOUU7zvJpIURp7M9664GJj08/gLPRWKNruw0OkAPQ3C5TTQz7+/fQWEpRA6qmvA==

sass-embedded-win32-x64@1.90.0:
  version "1.90.0"
  resolved "https://registry.yarnpkg.com/sass-embedded-win32-x64/-/sass-embedded-win32-x64-1.90.0.tgz#bb3cd18b43f6e4c4e40f1d8ca3a62800db50463a"
  integrity sha512-PFwdW7AYtCkwi3NfWFeexvIZEJ0nuShp8Bjjc3px756+18yYwBWa78F4TGdIQmJfpYKBhgkVjFOctwq+NCHntA==

sass-embedded@^1.90.0:
  version "1.90.0"
  resolved "https://registry.yarnpkg.com/sass-embedded/-/sass-embedded-1.90.0.tgz#a809c9c0515a7fff3e2735c82b48b9bb73fb964b"
  integrity sha512-XP1EltyLLfuU5FsGVjSz8PcT925oA3rDnJTWOEBHR42k62ZEbKTcZ4gVlFwKi0Ggzi5E8v1K2BplD8ELHwusYg==
  dependencies:
    "@bufbuild/protobuf" "^2.5.0"
    buffer-builder "^0.2.0"
    colorjs.io "^0.5.0"
    immutable "^5.0.2"
    rxjs "^7.4.0"
    supports-color "^8.1.1"
    sync-child-process "^1.0.2"
    varint "^6.0.0"
  optionalDependencies:
    sass-embedded-all-unknown "1.90.0"
    sass-embedded-android-arm "1.90.0"
    sass-embedded-android-arm64 "1.90.0"
    sass-embedded-android-riscv64 "1.90.0"
    sass-embedded-android-x64 "1.90.0"
    sass-embedded-darwin-arm64 "1.90.0"
    sass-embedded-darwin-x64 "1.90.0"
    sass-embedded-linux-arm "1.90.0"
    sass-embedded-linux-arm64 "1.90.0"
    sass-embedded-linux-musl-arm "1.90.0"
    sass-embedded-linux-musl-arm64 "1.90.0"
    sass-embedded-linux-musl-riscv64 "1.90.0"
    sass-embedded-linux-musl-x64 "1.90.0"
    sass-embedded-linux-riscv64 "1.90.0"
    sass-embedded-linux-x64 "1.90.0"
    sass-embedded-unknown-all "1.90.0"
    sass-embedded-win32-arm64 "1.90.0"
    sass-embedded-win32-x64 "1.90.0"

sass@1.90.0, sass@^1.90.0:
  version "1.90.0"
  resolved "https://registry.yarnpkg.com/sass/-/sass-1.90.0.tgz#d6fc2be49c7c086ce86ea0b231a35bf9e33cb84b"
  integrity sha512-9GUyuksjw70uNpb1MTYWsH9MQHOHY6kwfnkafC24+7aOMZn9+rVMBxRbLvw756mrBFbIsFg6Xw9IkR2Fnn3k+Q==
  dependencies:
    chokidar "^4.0.0"
    immutable "^5.0.2"
    source-map-js ">=0.6.2 <2.0.0"
  optionalDependencies:
    "@parcel/watcher" "^2.4.1"

scheduler@^0.26.0:
  version "0.26.0"
  resolved "https://registry.yarnpkg.com/scheduler/-/scheduler-0.26.0.tgz#4ce8a8c2a2095f13ea11bf9a445be50c555d6337"
  integrity sha512-NlHwttCI/l5gCPR3D1nNXtWABUmBwvZpEQiD4IXSbIDq8BzLIK/7Ir5gTFSGZDUu37K5cMNp0hFtzO38sC7gWA==

set-cookie-parser@^2.6.0:
  version "2.7.1"
  resolved "https://registry.yarnpkg.com/set-cookie-parser/-/set-cookie-parser-2.7.1.tgz#3016f150072202dfbe90fadee053573cc89d2943"
  integrity sha512-IOc8uWeOZgnb3ptbCURJWNjWUPcO3ZnTTdzsurqERrP6nPyv+paC55vJM0LpOlT2ne+Ix+9+CRG1MNLlyZ4GjQ==

"source-map-js@>=0.6.2 <2.0.0", source-map-js@^1.2.1:
  version "1.2.1"
  resolved "https://registry.yarnpkg.com/source-map-js/-/source-map-js-1.2.1.tgz#1ce5650fddd87abc099eda37dcff024c2667ae46"
  integrity sha512-UXWMKhLOwVKb728IUtQPXxfYU+usdybtUrK/8uGE8CQMvrhOpwvzDBwj0QhSL7MQc7vIsISBG8VQ8+IDQxpfQA==

stackframe@^1.3.4:
  version "1.3.4"
  resolved "https://registry.yarnpkg.com/stackframe/-/stackframe-1.3.4.tgz#b881a004c8c149a5e8efef37d51b16e412943310"
  integrity sha512-oeVtt7eWQS+Na6F//S4kJ2K2VbRlS9D43mAlMyVpVWovy9o+jfgH8O9agzANzaiLjclA0oYzUXEM4PurhSUChw==

supports-color@^8.1.1:
  version "8.1.1"
  resolved "https://registry.yarnpkg.com/supports-color/-/supports-color-8.1.1.tgz#cd6fc17e28500cff56c1b86c0a7fd4a54a73005c"
  integrity sha512-MpUEN2OodtUzxvKQl72cUF7RQ5EiHsGvSsVG0ia9c5RbWGL2CI4C7EpPS8UTBIplnlzZiNuV56w+FuNxy3ty2Q==
  dependencies:
    has-flag "^4.0.0"

sync-child-process@^1.0.2:
  version "1.0.2"
  resolved "https://registry.yarnpkg.com/sync-child-process/-/sync-child-process-1.0.2.tgz#45e7c72e756d1243e80b547ea2e17957ab9e367f"
  integrity sha512-8lD+t2KrrScJ/7KXCSyfhT3/hRq78rC0wBFqNJXv3mZyn6hW2ypM05JmlSvtqRbeq6jqA94oHbxAr2vYsJ8vDA==
  dependencies:
    sync-message-port "^1.0.0"

sync-message-port@^1.0.0:
  version "1.1.3"
  resolved "https://registry.yarnpkg.com/sync-message-port/-/sync-message-port-1.1.3.tgz#6055c565ee8c81d2f9ee5aae7db757e6d9088c0c"
  integrity sha512-GTt8rSKje5FilG+wEdfCkOcLL7LWqpMlr2c3LRuKt/YXxcJ52aGSbGBAdI4L3aaqfrBt6y711El53ItyH1NWzg==

to-regex-range@^5.0.1:
  version "5.0.1"
  resolved "https://registry.yarnpkg.com/to-regex-range/-/to-regex-range-5.0.1.tgz#1648c44aae7c8d988a326018ed72f5b4dd0392e4"
  integrity sha512-65P7iz6X5yEr1cwcgvQxbbIw7Uk3gOy5dIdtZ4rDveLqhrdJP+Li/Hx6tyK0NEb+2GCyneCMJiGqrADCSNk8sQ==
  dependencies:
    is-number "^7.0.0"

tslib@^2.1.0, tslib@^2.4.0, tslib@^2.8.0:
  version "2.8.1"
  resolved "https://registry.yarnpkg.com/tslib/-/tslib-2.8.1.tgz#612efe4ed235d567e8aba5f2a5fab70280ade83f"
  integrity sha512-oJFu94HQb+KVduSUQL7wnpmqnfmLsOA/nAh6b6EH0wCEoK0/mPeXU6c3wKDV83MkOuHPRHtSXKKU99IBazS/2w==

varint@^6.0.0:
  version "6.0.0"
  resolved "https://registry.yarnpkg.com/varint/-/varint-6.0.0.tgz#9881eb0ce8feaea6512439d19ddf84bf551661d0"
  integrity sha512-cXEIW6cfr15lFv563k4GuVuW/fiwjknytD37jIOLSdSWuOI6WnO/oKwmP2FQTU2l01LP8/M5TSAJpzUaGe3uWg==
